// !$*UTF8*$!
{
	archiveVersion = 1;
	classes = {
	};
	objectVersion = 56;
	objects = {

/* Begin PBXBuildFile section */
		D685A16A29633BB800434FDB /* GameRoomViewController.swift in Sources */ = {isa = PBXBuildFile; fileRef = D685A16929633BB800434FDB /* GameRoomViewController.swift */; };
		D685A16E29634CA200434FDB /* DetailViewController.swift in Sources */ = {isa = PBXBuildFile; fileRef = D685A16D29634CA200434FDB /* DetailViewController.swift */; };
		D685A17029635DD300434FDB /* EmergencyViewController.swift in Sources */ = {isa = PBXBuildFile; fileRef = D685A16F29635DD300434FDB /* EmergencyViewController.swift */; };
		D6D9561F29632D51003118F8 /* AppDelegate.swift in Sources */ = {isa = PBXBuildFile; fileRef = D6D9561E29632D51003118F8 /* AppDelegate.swift */; };
		D6D9562129632D51003118F8 /* SceneDelegate.swift in Sources */ = {isa = PBXBuildFile; fileRef = D6D9562029632D51003118F8 /* SceneDelegate.swift */; };
		D6D9562329632D51003118F8 /* ViewController.swift in Sources */ = {isa = PBXBuildFile; fileRef = D6D9562229632D51003118F8 /* ViewController.swift */; };
		D6D9562629632D51003118F8 /* Main.storyboard in Resources */ = {isa = PBXBuildFile; fileRef = D6D9562429632D51003118F8 /* Main.storyboard */; };
		D6D9562929632D51003118F8 /* aminSIM1.xcdatamodeld in Sources */ = {isa = PBXBuildFile; fileRef = D6D9562729632D51003118F8 /* aminSIM1.xcdatamodeld */; };
		D6D9562B29632D51003118F8 /* Assets.xcassets in Resources */ = {isa = PBXBuildFile; fileRef = D6D9562A29632D51003118F8 /* Assets.xcassets */; };
		D6D9562E29632D51003118F8 /* LaunchScreen.storyboard in Resources */ = {isa = PBXBuildFile; fileRef = D6D9562C29632D51003118F8 /* LaunchScreen.storyboard */; };
		D6D9563929632D52003118F8 /* aminSIM1Tests.swift in Sources */ = {isa = PBXBuildFile; fileRef = D6D9563829632D52003118F8 /* aminSIM1Tests.swift */; };
		D6D9564329632D52003118F8 /* aminSIM1UITests.swift in Sources */ = {isa = PBXBuildFile; fileRef = D6D9564229632D52003118F8 /* aminSIM1UITests.swift */; };
		D6D9564529632D52003118F8 /* aminSIM1UITestsLaunchTests.swift in Sources */ = {isa = PBXBuildFile; fileRef = D6D9564429632D52003118F8 /* aminSIM1UITestsLaunchTests.swift */; };
/* End PBXBuildFile section */

/* Begin PBXContainerItemProxy section */
		D6D9563529632D52003118F8 /* PBXContainerItemProxy */ = {
			isa = PBXContainerItemProxy;
			containerPortal = D6D9561329632D51003118F8 /* Project object */;
			proxyType = 1;
			remoteGlobalIDString = D6D9561A29632D51003118F8;
			remoteInfo = aminSIM1;
		};
		D6D9563F29632D52003118F8 /* PBXContainerItemProxy */ = {
			isa = PBXContainerItemProxy;
			containerPortal = D6D9561329632D51003118F8 /* Project object */;
			proxyType = 1;
			remoteGlobalIDString = D6D9561A29632D51003118F8;
			remoteInfo = aminSIM1;
		};
/* End PBXContainerItemProxy section */

/* Begin PBXFileReference section */
		D685A16929633BB800434FDB /* GameRoomViewController.swift */ = {isa = PBXFileReference; lastKnownFileType = sourcecode.swift; path = GameRoomViewController.swift; sourceTree = "<group>"; };
		D685A16D29634CA200434FDB /* DetailViewController.swift */ = {isa = PBXFileReference; lastKnownFileType = sourcecode.swift; path = DetailViewController.swift; sourceTree = "<group>"; };
		D685A16F29635DD300434FDB /* EmergencyViewController.swift */ = {isa = PBXFileReference; lastKnownFileType = sourcecode.swift; path = EmergencyViewController.swift; sourceTree = "<group>"; };
		D6D9561B29632D51003118F8 /* aminSIM1.app */ = {isa = PBXFileReference; explicitFileType = wrapper.application; includeInIndex = 0; path = aminSIM1.app; sourceTree = BUILT_PRODUCTS_DIR; };
		D6D9561E29632D51003118F8 /* AppDelegate.swift */ = {isa = PBXFileReference; lastKnownFileType = sourcecode.swift; path = AppDelegate.swift; sourceTree = "<group>"; };
		D6D9562029632D51003118F8 /* SceneDelegate.swift */ = {isa = PBXFileReference; lastKnownFileType = sourcecode.swift; path = SceneDelegate.swift; sourceTree = "<group>"; };
		D6D9562229632D51003118F8 /* ViewController.swift */ = {isa = PBXFileReference; lastKnownFileType = sourcecode.swift; path = ViewController.swift; sourceTree = "<group>"; };
		D6D9562529632D51003118F8 /* Base */ = {isa = PBXFileReference; lastKnownFileType = file.storyboard; name = Base; path = Base.lproj/Main.storyboard; sourceTree = "<group>"; };
		D6D9562829632D51003118F8 /* aminSIM1.xcdatamodel */ = {isa = PBXFileReference; lastKnownFileType = wrapper.xcdatamodel; path = aminSIM1.xcdatamodel; sourceTree = "<group>"; };
		D6D9562A29632D51003118F8 /* Assets.xcassets */ = {isa = PBXFileReference; lastKnownFileType = folder.assetcatalog; path = Assets.xcassets; sourceTree = "<group>"; };
		D6D9562D29632D51003118F8 /* Base */ = {isa = PBXFileReference; lastKnownFileType = file.storyboard; name = Base; path = Base.lproj/LaunchScreen.storyboard; sourceTree = "<group>"; };
		D6D9562F29632D51003118F8 /* Info.plist */ = {isa = PBXFileReference; lastKnownFileType = text.plist.xml; path = Info.plist; sourceTree = "<group>"; };
		D6D9563429632D52003118F8 /* aminSIM1Tests.xctest */ = {isa = PBXFileReference; explicitFileType = wrapper.cfbundle; includeInIndex = 0; path = aminSIM1Tests.xctest; sourceTree = BUILT_PRODUCTS_DIR; };
		D6D9563829632D52003118F8 /* aminSIM1Tests.swift */ = {isa = PBXFileReference; lastKnownFileType = sourcecode.swift; path = aminSIM1Tests.swift; sourceTree = "<group>"; };
		D6D9563E29632D52003118F8 /* aminSIM1UITests.xctest */ = {isa = PBXFileReference; explicitFileType = wrapper.cfbundle; includeInIndex = 0; path = aminSIM1UITests.xctest; sourceTree = BUILT_PRODUCTS_DIR; };
		D6D9564229632D52003118F8 /* aminSIM1UITests.swift */ = {isa = PBXFileReference; lastKnownFileType = sourcecode.swift; path = aminSIM1UITests.swift; sourceTree = "<group>"; };
		D6D9564429632D52003118F8 /* aminSIM1UITestsLaunchTests.swift */ = {isa = PBXFileReference; lastKnownFileType = sourcecode.swift; path = aminSIM1UITestsLaunchTests.swift; sourceTree = "<group>"; };
/* End PBXFileReference section */

/* Begin PBXFrameworksBuildPhase section */
		D6D9561829632D51003118F8 /* Frameworks */ = {
			isa = PBXFrameworksBuildPhase;
			buildActionMask = 2147483647;
			files = (
			);
			runOnlyForDeploymentPostprocessing = 0;
		};
		D6D9563129632D52003118F8 /* Frameworks */ = {
			isa = PBXFrameworksBuildPhase;
			buildActionMask = 2147483647;
			files = (
			);
			runOnlyForDeploymentPostprocessing = 0;
		};
		D6D9563B29632D52003118F8 /* Frameworks */ = {
			isa = PBXFrameworksBuildPhase;
			buildActionMask = 2147483647;
			files = (
			);
			runOnlyForDeploymentPostprocessing = 0;
		};
/* End PBXFrameworksBuildPhase section */

/* Begin PBXGroup section */
		D6D9561229632D51003118F8 = {
			isa = PBXGroup;
			children = (
				D6D9561D29632D51003118F8 /* aminSIM1 */,
				D6D9563729632D52003118F8 /* aminSIM1Tests */,
				D6D9564129632D52003118F8 /* aminSIM1UITests */,
				D6D9561C29632D51003118F8 /* Products */,
			);
			sourceTree = "<group>";
		};
		D6D9561C29632D51003118F8 /* Products */ = {
			isa = PBXGroup;
			children = (
				D6D9561B29632D51003118F8 /* aminSIM1.app */,
				D6D9563429632D52003118F8 /* aminSIM1Tests.xctest */,
				D6D9563E29632D52003118F8 /* aminSIM1UITests.xctest */,
			);
			name = Products;
			sourceTree = "<group>";
		};
		D6D9561D29632D51003118F8 /* aminSIM1 */ = {
			isa = PBXGroup;
			children = (
				D6D9561E29632D51003118F8 /* AppDelegate.swift */,
				D6D9562029632D51003118F8 /* SceneDelegate.swift */,
				D6D9562229632D51003118F8 /* ViewController.swift */,
				D6D9562429632D51003118F8 /* Main.storyboard */,
				D6D9562A29632D51003118F8 /* Assets.xcassets */,
				D6D9562C29632D51003118F8 /* LaunchScreen.storyboard */,
				D6D9562F29632D51003118F8 /* Info.plist */,
				D6D9562729632D51003118F8 /* aminSIM1.xcdatamodeld */,
				D685A16929633BB800434FDB /* GameRoomViewController.swift */,
				D685A16D29634CA200434FDB /* DetailViewController.swift */,
				D685A16F29635DD300434FDB /* EmergencyViewController.swift */,
			);
			path = aminSIM1;
			sourceTree = "<group>";
		};
		D6D9563729632D52003118F8 /* aminSIM1Tests */ = {
			isa = PBXGroup;
			children = (
				D6D9563829632D52003118F8 /* aminSIM1Tests.swift */,
			);
			path = aminSIM1Tests;
			sourceTree = "<group>";
		};
		D6D9564129632D52003118F8 /* aminSIM1UITests */ = {
			isa = PBXGroup;
			children = (
				D6D9564229632D52003118F8 /* aminSIM1UITests.swift */,
				D6D9564429632D52003118F8 /* aminSIM1UITestsLaunchTests.swift */,
			);
			path = aminSIM1UITests;
			sourceTree = "<group>";
		};
/* End PBXGroup section */

/* Begin PBXNativeTarget section */
		D6D9561A29632D51003118F8 /* aminSIM1 */ = {
			isa = PBXNativeTarget;
			buildConfigurationList = D6D9564829632D52003118F8 /* Build configuration list for PBXNativeTarget "aminSIM1" */;
			buildPhases = (
				D6D9561729632D51003118F8 /* Sources */,
				D6D9561829632D51003118F8 /* Frameworks */,
				D6D9561929632D51003118F8 /* Resources */,
			);
			buildRules = (
			);
			dependencies = (
			);
			name = aminSIM1;
			productName = aminSIM1;
			productReference = D6D9561B29632D51003118F8 /* aminSIM1.app */;
			productType = "com.apple.product-type.application";
		};
		D6D9563329632D52003118F8 /* aminSIM1Tests */ = {
			isa = PBXNativeTarget;
			buildConfigurationList = D6D9564B29632D52003118F8 /* Build configuration list for PBXNativeTarget "aminSIM1Tests" */;
			buildPhases = (
				D6D9563029632D52003118F8 /* Sources */,
				D6D9563129632D52003118F8 /* Frameworks */,
				D6D9563229632D52003118F8 /* Resources */,
			);
			buildRules = (
			);
			dependencies = (
				D6D9563629632D52003118F8 /* PBXTargetDependency */,
			);
			name = aminSIM1Tests;
			productName = aminSIM1Tests;
			productReference = D6D9563429632D52003118F8 /* aminSIM1Tests.xctest */;
			productType = "com.apple.product-type.bundle.unit-test";
		};
		D6D9563D29632D52003118F8 /* aminSIM1UITests */ = {
			isa = PBXNativeTarget;
			buildConfigurationList = D6D9564E29632D52003118F8 /* Build configuration list for PBXNativeTarget "aminSIM1UITests" */;
			buildPhases = (
				D6D9563A29632D52003118F8 /* Sources */,
				D6D9563B29632D52003118F8 /* Frameworks */,
				D6D9563C29632D52003118F8 /* Resources */,
			);
			buildRules = (
			);
			dependencies = (
				D6D9564029632D52003118F8 /* PBXTargetDependency */,
			);
			name = aminSIM1UITests;
			productName = aminSIM1UITests;
			productReference = D6D9563E29632D52003118F8 /* aminSIM1UITests.xctest */;
			productType = "com.apple.product-type.bundle.ui-testing";
		};
/* End PBXNativeTarget section */

/* Begin PBXProject section */
		D6D9561329632D51003118F8 /* Project object */ = {
			isa = PBXProject;
			attributes = {
				BuildIndependentTargetsInParallel = 1;
				LastSwiftUpdateCheck = 1410;
				LastUpgradeCheck = 1410;
				TargetAttributes = {
					D6D9561A29632D51003118F8 = {
						CreatedOnToolsVersion = 14.1;
					};
					D6D9563329632D52003118F8 = {
						CreatedOnToolsVersion = 14.1;
						TestTargetID = D6D9561A29632D51003118F8;
					};
					D6D9563D29632D52003118F8 = {
						CreatedOnToolsVersion = 14.1;
						TestTargetID = D6D9561A29632D51003118F8;
					};
				};
			};
			buildConfigurationList = D6D9561629632D51003118F8 /* Build configuration list for PBXProject "aminSIM1" */;
			compatibilityVersion = "Xcode 14.0";
			developmentRegion = en;
			hasScannedForEncodings = 0;
			knownRegions = (
				en,
				Base,
			);
			mainGroup = D6D9561229632D51003118F8;
			productRefGroup = D6D9561C29632D51003118F8 /* Products */;
			projectDirPath = "";
			projectRoot = "";
			targets = (
				D6D9561A29632D51003118F8 /* aminSIM1 */,
				D6D9563329632D52003118F8 /* aminSIM1Tests */,
				D6D9563D29632D52003118F8 /* aminSIM1UITests */,
			);
		};
/* End PBXProject section */

/* Begin PBXResourcesBuildPhase section */
		D6D9561929632D51003118F8 /* Resources */ = {
			isa = PBXResourcesBuildPhase;
			buildActionMask = 2147483647;
			files = (
				D6D9562E29632D51003118F8 /* LaunchScreen.storyboard in Resources */,
				D6D9562B29632D51003118F8 /* Assets.xcassets in Resources */,
				D6D9562629632D51003118F8 /* Main.storyboard in Resources */,
			);
			runOnlyForDeploymentPostprocessing = 0;
		};
		D6D9563229632D52003118F8 /* Resources */ = {
			isa = PBXResourcesBuildPhase;
			buildActionMask = 2147483647;
			files = (
			);
			runOnlyForDeploymentPostprocessing = 0;
		};
		D6D9563C29632D52003118F8 /* Resources */ = {
			isa = PBXResourcesBuildPhase;
			buildActionMask = 2147483647;
			files = (
			);
			runOnlyForDeploymentPostprocessing = 0;
		};
/* End PBXResourcesBuildPhase section */

/* Begin PBXSourcesBuildPhase section */
		D6D9561729632D51003118F8 /* Sources */ = {
			isa = PBXSourcesBuildPhase;
			buildActionMask = 2147483647;
			files = (
				D685A16A29633BB800434FDB /* GameRoomViewController.swift in Sources */,
				D685A17029635DD300434FDB /* EmergencyViewController.swift in Sources */,
				D6D9562929632D51003118F8 /* aminSIM1.xcdatamodeld in Sources */,
				D6D9562329632D51003118F8 /* ViewController.swift in Sources */,
				D685A16E29634CA200434FDB /* DetailViewController.swift in Sources */,
				D6D9561F29632D51003118F8 /* AppDelegate.swift in Sources */,
				D6D9562129632D51003118F8 /* SceneDelegate.swift in Sources */,
			);
			runOnlyForDeploymentPostprocessing = 0;
		};
		D6D9563029632D52003118F8 /* Sources */ = {
			isa = PBXSourcesBuildPhase;
			buildActionMask = 2147483647;
			files = (
				D6D9563929632D52003118F8 /* aminSIM1Tests.swift in Sources */,
			);
			runOnlyForDeploymentPostprocessing = 0;
		};
		D6D9563A29632D52003118F8 /* Sources */ = {
			isa = PBXSourcesBuildPhase;
			buildActionMask = 2147483647;
			files = (
				D6D9564529632D52003118F8 /* aminSIM1UITestsLaunchTests.swift in Sources */,
				D6D9564329632D52003118F8 /* aminSIM1UITests.swift in Sources */,
			);
			runOnlyForDeploymentPostprocessing = 0;
		};
/* End PBXSourcesBuildPhase section */

/* Begin PBXTargetDependency section */
		D6D9563629632D52003118F8 /* PBXTargetDependency */ = {
			isa = PBXTargetDependency;
			target = D6D9561A29632D51003118F8 /* aminSIM1 */;
			targetProxy = D6D9563529632D52003118F8 /* PBXContainerItemProxy */;
		};
		D6D9564029632D52003118F8 /* PBXTargetDependency */ = {
			isa = PBXTargetDependency;
			target = D6D9561A29632D51003118F8 /* aminSIM1 */;
			targetProxy = D6D9563F29632D52003118F8 /* PBXContainerItemProxy */;
		};
/* End PBXTargetDependency section */

/* Begin PBXVariantGroup section */
		D6D9562429632D51003118F8 /* Main.storyboard */ = {
			isa = PBXVariantGroup;
			children = (
				D6D9562529632D51003118F8 /* Base */,
			);
			name = Main.storyboard;
			sourceTree = "<group>";
		};
		D6D9562C29632D51003118F8 /* LaunchScreen.storyboard */ = {
			isa = PBXVariantGroup;
			children = (
				D6D9562D29632D51003118F8 /* Base */,
			);
			name = LaunchScreen.storyboard;
			sourceTree = "<group>";
		};
/* End PBXVariantGroup section */

/* Begin XCBuildConfiguration section */
		D6D9564629632D52003118F8 /* Debug */ = {
			isa = XCBuildConfiguration;
			buildSettings = {
				ALWAYS_SEARCH_USER_PATHS = NO;
				CLANG_ANALYZER_NONNULL = YES;
				CLANG_ANALYZER_NUMBER_OBJECT_CONVERSION = YES_AGGRESSIVE;
				CLANG_CXX_LANGUAGE_STANDARD = "gnu++20";
				CLANG_ENABLE_MODULES = YES;
				CLANG_ENABLE_OBJC_ARC = YES;
				CLANG_ENABLE_OBJC_WEAK = YES;
				CLANG_WARN_BLOCK_CAPTURE_AUTORELEASING = YES;
				CLANG_WARN_BOOL_CONVERSION = YES;
				CLANG_WARN_COMMA = YES;
				CLANG_WARN_CONSTANT_CONVERSION = YES;
				CLANG_WARN_DEPRECATED_OBJC_IMPLEMENTATIONS = YES;
				CLANG_WARN_DIRECT_OBJC_ISA_USAGE = YES_ERROR;
				CLANG_WARN_DOCUMENTATION_COMMENTS = YES;
				CLANG_WARN_EMPTY_BODY = YES;
				CLANG_WARN_ENUM_CONVERSION = YES;
				CLANG_WARN_INFINITE_RECURSION = YES;
				CLANG_WARN_INT_CONVERSION = YES;
				CLANG_WARN_NON_LITERAL_NULL_CONVERSION = YES;
				CLANG_WARN_OBJC_IMPLICIT_RETAIN_SELF = YES;
				CLANG_WARN_OBJC_LITERAL_CONVERSION = YES;
				CLANG_WARN_OBJC_ROOT_CLASS = YES_ERROR;
				CLANG_WARN_QUOTED_INCLUDE_IN_FRAMEWORK_HEADER = YES;
				CLANG_WARN_RANGE_LOOP_ANALYSIS = YES;
				CLANG_WARN_STRICT_PROTOTYPES = YES;
				CLANG_WARN_SUSPICIOUS_MOVE = YES;
				CLANG_WARN_UNGUARDED_AVAILABILITY = YES_AGGRESSIVE;
				CLANG_WARN_UNREACHABLE_CODE = YES;
				CLANG_WARN__DUPLICATE_METHOD_MATCH = YES;
				COPY_PHASE_STRIP = NO;
				DEBUG_INFORMATION_FORMAT = dwarf;
				ENABLE_STRICT_OBJC_MSGSEND = YES;
				ENABLE_TESTABILITY = YES;
				GCC_C_LANGUAGE_STANDARD = gnu11;
				GCC_DYNAMIC_NO_PIC = NO;
				GCC_NO_COMMON_BLOCKS = YES;
				GCC_OPTIMIZATION_LEVEL = 0;
				GCC_PREPROCESSOR_DEFINITIONS = (
					"DEBUG=1",
					"$(inherited)",
				);
				GCC_WARN_64_TO_32_BIT_CONVERSION = YES;
				GCC_WARN_ABOUT_RETURN_TYPE = YES_ERROR;
				GCC_WARN_UNDECLARED_SELECTOR = YES;
				GCC_WARN_UNINITIALIZED_AUTOS = YES_AGGRESSIVE;
				GCC_WARN_UNUSED_FUNCTION = YES;
				GCC_WARN_UNUSED_VARIABLE = YES;
				IPHONEOS_DEPLOYMENT_TARGET = 16.1;
				MTL_ENABLE_DEBUG_INFO = INCLUDE_SOURCE;
				MTL_FAST_MATH = YES;
				ONLY_ACTIVE_ARCH = YES;
				SDKROOT = iphoneos;
				SWIFT_ACTIVE_COMPILATION_CONDITIONS = DEBUG;
				SWIFT_OPTIMIZATION_LEVEL = "-Onone";
			};
			name = Debug;
		};
		D6D9564729632D52003118F8 /* Release */ = {
			isa = XCBuildConfiguration;
			buildSettings = {
				ALWAYS_SEARCH_USER_PATHS = NO;
				CLANG_ANALYZER_NONNULL = YES;
				CLANG_ANALYZER_NUMBER_OBJECT_CONVERSION = YES_AGGRESSIVE;
				CLANG_CXX_LANGUAGE_STANDARD = "gnu++20";
				CLANG_ENABLE_MODULES = YES;
				CLANG_ENABLE_OBJC_ARC = YES;
				CLANG_ENABLE_OBJC_WEAK = YES;
				CLANG_WARN_BLOCK_CAPTURE_AUTORELEASING = YES;
				CLANG_WARN_BOOL_CONVERSION = YES;
				CLANG_WARN_COMMA = YES;
				CLANG_WARN_CONSTANT_CONVERSION = YES;
				CLANG_WARN_DEPRECATED_OBJC_IMPLEMENTATIONS = YES;
				CLANG_WARN_DIRECT_OBJC_ISA_USAGE = YES_ERROR;
				CLANG_WARN_DOCUMENTATION_COMMENTS = YES;
				CLANG_WARN_EMPTY_BODY = YES;
				CLANG_WARN_ENUM_CONVERSION = YES;
				CLANG_WARN_INFINITE_RECURSION = YES;
				CLANG_WARN_INT_CONVERSION = YES;
				CLANG_WARN_NON_LITERAL_NULL_CONVERSION = YES;
				CLANG_WARN_OBJC_IMPLICIT_RETAIN_SELF = YES;
				CLANG_WARN_OBJC_LITERAL_CONVERSION = YES;
				CLANG_WARN_OBJC_ROOT_CLASS = YES_ERROR;
				CLANG_WARN_QUOTED_INCLUDE_IN_FRAMEWORK_HEADER = YES;
				CLANG_WARN_RANGE_LOOP_ANALYSIS = YES;
				CLANG_WARN_STRICT_PROTOTYPES = YES;
				CLANG_WARN_SUSPICIOUS_MOVE = YES;
				CLANG_WARN_UNGUARDED_AVAILABILITY = YES_AGGRESSIVE;
				CLANG_WARN_UNREACHABLE_CODE = YES;
				CLANG_WARN__DUPLICATE_METHOD_MATCH = YES;
				COPY_PHASE_STRIP = NO;
				DEBUG_INFORMATION_FORMAT = "dwarf-with-dsym";
				ENABLE_NS_ASSERTIONS = NO;
				ENABLE_STRICT_OBJC_MSGSEND = YES;
				GCC_C_LANGUAGE_STANDARD = gnu11;
				GCC_NO_COMMON_BLOCKS = YES;
				GCC_WARN_64_TO_32_BIT_CONVERSION = YES;
				GCC_WARN_ABOUT_RETURN_TYPE = YES_ERROR;
				GCC_WARN_UNDECLARED_SELECTOR = YES;
				GCC_WARN_UNINITIALIZED_AUTOS = YES_AGGRESSIVE;
				GCC_WARN_UNUSED_FUNCTION = YES;
				GCC_WARN_UNUSED_VARIABLE = YES;
				IPHONEOS_DEPLOYMENT_TARGET = 16.1;
				MTL_ENABLE_DEBUG_INFO = NO;
				MTL_FAST_MATH = YES;
				SDKROOT = iphoneos;
				SWIFT_COMPILATION_MODE = wholemodule;
				SWIFT_OPTIMIZATION_LEVEL = "-O";
				VALIDATE_PRODUCT = YES;
			};
			name = Release;
		};
		D6D9564929632D52003118F8 /* Debug */ = {
			isa = XCBuildConfiguration;
			buildSettings = {
				ASSETCATALOG_COMPILER_APPICON_NAME = AppIcon;
				ASSETCATALOG_COMPILER_GLOBAL_ACCENT_COLOR_NAME = AccentColor;
				CODE_SIGN_STYLE = Automatic;
				CURRENT_PROJECT_VERSION = 1;
				DEVELOPMENT_TEAM = R8LFKVJKW8;
				GENERATE_INFOPLIST_FILE = YES;
				INFOPLIST_FILE = aminSIM1/Info.plist;
				INFOPLIST_KEY_UIApplicationSupportsIndirectInputEvents = YES;
				INFOPLIST_KEY_UILaunchStoryboardName = LaunchScreen;
				INFOPLIST_KEY_UIMainStoryboardFile = Main;
				INFOPLIST_KEY_UISupportedInterfaceOrientations_iPad = "UIInterfaceOrientationPortrait UIInterfaceOrientationPortraitUpsideDown UIInterfaceOrientationLandscapeLeft UIInterfaceOrientationLandscapeRight";
				INFOPLIST_KEY_UISupportedInterfaceOrientations_iPhone = "UIInterfaceOrientationPortrait UIInterfaceOrientationLandscapeLeft UIInterfaceOrientationLandscapeRight";
				LD_RUNPATH_SEARCH_PATHS = (
					"$(inherited)",
					"@executable_path/Frameworks",
				);
				MARKETING_VERSION = 1.0;
				PRODUCT_BUNDLE_IDENTIFIER = chekirwalid.aminSIM1;
				PRODUCT_NAME = "$(TARGET_NAME)";
				SWIFT_EMIT_LOC_STRINGS = YES;
				SWIFT_VERSION = 5.0;
				TARGETED_DEVICE_FAMILY = "1,2";
			};
			name = Debug;
		};
		D6D9564A29632D52003118F8 /* Release */ = {
			isa = XCBuildConfiguration;
			buildSettings = {
				ASSETCATALOG_COMPILER_APPICON_NAME = AppIcon;
				ASSETCATALOG_COMPILER_GLOBAL_ACCENT_COLOR_NAME = AccentColor;
				CODE_SIGN_STYLE = Automatic;
				CURRENT_PROJECT_VERSION = 1;
				DEVELOPMENT_TEAM = R8LFKVJKW8;
				GENERATE_INFOPLIST_FILE = YES;
				INFOPLIST_FILE = aminSIM1/Info.plist;
				INFOPLIST_KEY_UIApplicationSupportsIndirectInputEvents = YES;
				INFOPLIST_KEY_UILaunchStoryboardName = LaunchScreen;
				INFOPLIST_KEY_UIMainStoryboardFile = Main;
				INFOPLIST_KEY_UISupportedInterfaceOrientations_iPad = "UIInterfaceOrientationPortrait UIInterfaceOrientationPortraitUpsideDown UIInterfaceOrientationLandscapeLeft UIInterfaceOrientationLandscapeRight";
				INFOPLIST_KEY_UISupportedInterfaceOrientations_iPhone = "UIInterfaceOrientationPortrait UIInterfaceOrientationLandscapeLeft UIInterfaceOrientationLandscapeRight";
				LD_RUNPATH_SEARCH_PATHS = (
					"$(inherited)",
					"@executable_path/Frameworks",
				);
				MARKETING_VERSION = 1.0;
				PRODUCT_BUNDLE_IDENTIFIER = chekirwalid.aminSIM1;
				PRODUCT_NAME = "$(TARGET_NAME)";
				SWIFT_EMIT_LOC_STRINGS = YES;
				SWIFT_VERSION = 5.0;
				TARGETED_DEVICE_FAMILY = "1,2";
			};
			name = Release;
		};
		D6D9564C29632D52003118F8 /* Debug */ = {
			isa = XCBuildConfiguration;
			buildSettings = {
				ALWAYS_EMBED_SWIFT_STANDARD_LIBRARIES = YES;
				BUNDLE_LOADER = "$(TEST_HOST)";
				CODE_SIGN_STYLE = Automatic;
				CURRENT_PROJECT_VERSION = 1;
				DEVELOPMENT_TEAM = R8LFKVJKW8;
				GENERATE_INFOPLIST_FILE = YES;
				IPHONEOS_DEPLOYMENT_TARGET = 16.1;
				MARKETING_VERSION = 1.0;
				PRODUCT_BUNDLE_IDENTIFIER = chekirwalid.aminSIM1Tests;
				PRODUCT_NAME = "$(TARGET_NAME)";
				SWIFT_EMIT_LOC_STRINGS = NO;
				SWIFT_VERSION = 5.0;
				TARGETED_DEVICE_FAMILY = "1,2";
				TEST_HOST = "$(BUILT_PRODUCTS_DIR)/aminSIM1.app/$(BUNDLE_EXECUTABLE_FOLDER_PATH)/aminSIM1";
			};
			name = Debug;
		};
		D6D9564D29632D52003118F8 /* Release */ = {
			isa = XCBuildConfiguration;
			buildSettings = {
				ALWAYS_EMBED_SWIFT_STANDARD_LIBRARIES = YES;
				BUNDLE_LOADER = "$(TEST_HOST)";
				CODE_SIGN_STYLE = Automatic;
				CURRENT_PROJECT_VERSION = 1;
				DEVELOPMENT_TEAM = R8LFKVJKW8;
				GENERATE_INFOPLIST_FILE = YES;
				IPHONEOS_DEPLOYMENT_TARGET = 16.1;
				MARKETING_VERSION = 1.0;
				PRODUCT_BUNDLE_IDENTIFIER = chekirwalid.aminSIM1Tests;
				PRODUCT_NAME = "$(TARGET_NAME)";
				SWIFT_EMIT_LOC_STRINGS = NO;
				SWIFT_VERSION = 5.0;
				TARGETED_DEVICE_FAMILY = "1,2";
				TEST_HOST = "$(BUILT_PRODUCTS_DIR)/aminSIM1.app/$(BUNDLE_EXECUTABLE_FOLDER_PATH)/aminSIM1";
			};
			name = Release;
		};
		D6D9564F29632D52003118F8 /* Debug */ = {
			isa = XCBuildConfiguration;
			buildSettings = {
				ALWAYS_EMBED_SWIFT_STANDARD_LIBRARIES = YES;
				CODE_SIGN_STYLE = Automatic;
				CURRENT_PROJECT_VERSION = 1;
				DEVELOPMENT_TEAM = R8LFKVJKW8;
				GENERATE_INFOPLIST_FILE = YES;
				MARKETING_VERSION = 1.0;
				PRODUCT_BUNDLE_IDENTIFIER = chekirwalid.aminSIM1UITests;
				PRODUCT_NAME = "$(TARGET_NAME)";
				SWIFT_EMIT_LOC_STRINGS = NO;
				SWIFT_VERSION = 5.0;
				TARGETED_DEVICE_FAMILY = "1,2";
				TEST_TARGET_NAME = aminSIM1;
			};
			name = Debug;
		};
		D6D9565029632D52003118F8 /* Release */ = {
			isa = XCBuildConfiguration;
			buildSettings = {
				ALWAYS_EMBED_SWIFT_STANDARD_LIBRARIES = YES;
				CODE_SIGN_STYLE = Automatic;
				CURRENT_PROJECT_VERSION = 1;
				DEVELOPMENT_TEAM = R8LFKVJKW8;
				GENERATE_INFOPLIST_FILE = YES;
				MARKETING_VERSION = 1.0;
				PRODUCT_BUNDLE_IDENTIFIER = chekirwalid.aminSIM1UITests;
				PRODUCT_NAME = "$(TARGET_NAME)";
				SWIFT_EMIT_LOC_STRINGS = NO;
				SWIFT_VERSION = 5.0;
				TARGETED_DEVICE_FAMILY = "1,2";
				TEST_TARGET_NAME = aminSIM1;
			};
			name = Release;
		};
/* End XCBuildConfiguration section */

/* Begin XCConfigurationList section */
		D6D9561629632D51003118F8 /* Build configuration list for PBXProject "aminSIM1" */ = {
			isa = XCConfigurationList;
			buildConfigurations = (
				D6D9564629632D52003118F8 /* Debug */,
				D6D9564729632D52003118F8 /* Release */,
			);
			defaultConfigurationIsVisible = 0;
			defaultConfigurationName = Release;
		};
		D6D9564829632D52003118F8 /* Build configuration list for PBXNativeTarget "aminSIM1" */ = {
			isa = XCConfigurationList;
			buildConfigurations = (
				D6D9564929632D52003118F8 /* Debug */,
				D6D9564A29632D52003118F8 /* Release */,
			);
			defaultConfigurationIsVisible = 0;
			defaultConfigurationName = Release;
		};
		D6D9564B29632D52003118F8 /* Build configuration list for PBXNativeTarget "aminSIM1Tests" */ = {
			isa = XCConfigurationList;
			buildConfigurations = (
				D6D9564C29632D52003118F8 /* Debug */,
				D6D9564D29632D52003118F8 /* Release */,
			);
			defaultConfigurationIsVisible = 0;
			defaultConfigurationName = Release;
		};
		D6D9564E29632D52003118F8 /* Build configuration list for PBXNativeTarget "aminSIM1UITests" */ = {
			isa = XCConfigurationList;
			buildConfigurations = (
				D6D9564F29632D52003118F8 /* Debug */,
				D6D9565029632D52003118F8 /* Release */,
			);
			defaultConfigurationIsVisible = 0;
			defaultConfigurationName = Release;
		};
/* End XCConfigurationList section */

/* Begin XCVersionGroup section */
		D6D9562729632D51003118F8 /* aminSIM1.xcdatamodeld */ = {
			isa = XCVersionGroup;
			children = (
				D6D9562829632D51003118F8 /* aminSIM1.xcdatamodel */,
			);
			currentVersion = D6D9562829632D51003118F8 /* aminSIM1.xcdatamodel */;
			path = aminSIM1.xcdatamodeld;
			sourceTree = "<group>";
			versionGroupType = wrapper.xcdatamodel;
		};
/* End XCVersionGroup section */
	};
	rootObject = D6D9561329632D51003118F8 /* Project object */;
}
